
Microsoft Visual Studio Solution File, Format Version 12.00
# Visual Studio Version 16
VisualStudioVersion = 16.0.29609.76
MinimumVisualStudioVersion = 10.0.40219.1
Project("{FAE04EC0-301F-11D3-BF4B-00C04F79EFBC}") = "KrzysztofJopekLab4Zadanie", "KrzysztofJopekLab4Zadanie.csproj", "{857AC5F7-38E4-4EE6-8859-BC58F5B0161E}"
EndProject
Global
	GlobalSection(SolutionConfigurationPlatforms) = preSolution
		Debug|Any CPU = Debug|Any CPU
		Release|Any CPU = Release|Any CPU
	EndGlobalSection
	GlobalSection(ProjectConfigurationPlatforms) = postSolution
		{857AC5F7-38E4-4EE6-8859-BC58F5B0161E}.Debug|Any CPU.ActiveCfg = Debug|Any CPU
		{857AC5F7-38E4-4EE6-8859-BC58F5B0161E}.Debug|Any CPU.Build.0 = Debug|Any CPU
		{857AC5F7-38E4-4EE6-8859-BC58F5B0161E}.Release|Any CPU.ActiveCfg = Release|Any CPU
		{857AC5F7-38E4-4EE6-8859-BC58F5B0161E}.Release|Any CPU.Build.0 = Release|Any CPU
	EndGlobalSection
	GlobalSection(SolutionProperties) = preSolution
		HideSolutionNode = FALSE
	EndGlobalSection
	GlobalSection(ExtensibilityGlobals) = postSolution
		SolutionGuid = {39E88B2B-777A-4495-8984-4AC53B403065}
	EndGlobalSection
EndGlobal
