
Microsoft Visual Studio Solution File, Format Version 12.00
# Visual Studio Version 16
VisualStudioVersion = 16.0.29503.13
MinimumVisualStudioVersion = 10.0.40219.1
Project("{FAE04EC0-301F-11D3-BF4B-00C04F79EFBC}") = "KrzysztofJopekLab1", "KrzysztofJopekLab1.csproj", "{AEEBC8E8-97D2-4DFC-AFFA-CDD82FB7411F}"
EndProject
Global
	GlobalSection(SolutionConfigurationPlatforms) = preSolution
		Debug|Any CPU = Debug|Any CPU
		Release|Any CPU = Release|Any CPU
	EndGlobalSection
	GlobalSection(ProjectConfigurationPlatforms) = postSolution
		{AEEBC8E8-97D2-4DFC-AFFA-CDD82FB7411F}.Debug|Any CPU.ActiveCfg = Debug|Any CPU
		{AEEBC8E8-97D2-4DFC-AFFA-CDD82FB7411F}.Debug|Any CPU.Build.0 = Debug|Any CPU
		{AEEBC8E8-97D2-4DFC-AFFA-CDD82FB7411F}.Release|Any CPU.ActiveCfg = Release|Any CPU
		{AEEBC8E8-97D2-4DFC-AFFA-CDD82FB7411F}.Release|Any CPU.Build.0 = Release|Any CPU
	EndGlobalSection
	GlobalSection(SolutionProperties) = preSolution
		HideSolutionNode = FALSE
	EndGlobalSection
	GlobalSection(ExtensibilityGlobals) = postSolution
		SolutionGuid = {6A192593-DBBF-4A87-B084-CFB7858A832D}
	EndGlobalSection
EndGlobal
